
Microsoft Visual Studio Solution File, Format Version 12.00
# Visual Studio 15
Project("{FAE04EC0-301F-11D3-BF4B-00C04F79EFBC}") = "Assembly-CSharp", "Assembly-CSharp.csproj", "{A91BCDF6-C6C0-B16E-FD7D-A41624D9C517}"
EndProject
Project("{FAE04EC0-301F-11D3-BF4B-00C04F79EFBC}") = "Assembly-CSharp-Editor", "Assembly-CSharp-Editor.csproj", "{9B4EA736-5BA4-73C1-9FD6-8FBDFE84BA5F}"
EndProject
Global
	GlobalSection(SolutionConfigurationPlatforms) = preSolution
		Debug|Any CPU = Debug|Any CPU
		Release|Any CPU = Release|Any CPU
	EndGlobalSection
	GlobalSection(ProjectConfigurationPlatforms) = postSolution
		{A91BCDF6-C6C0-B16E-FD7D-A41624D9C517}.Debug|Any CPU.ActiveCfg = Debug|Any CPU
		{A91BCDF6-C6C0-B16E-FD7D-A41624D9C517}.Debug|Any CPU.Build.0 = Debug|Any CPU
		{A91BCDF6-C6C0-B16E-FD7D-A41624D9C517}.Release|Any CPU.ActiveCfg = Release|Any CPU
		{A91BCDF6-C6C0-B16E-FD7D-A41624D9C517}.Release|Any CPU.Build.0 = Release|Any CPU
		{9B4EA736-5BA4-73C1-9FD6-8FBDFE84BA5F}.Debug|Any CPU.ActiveCfg = Debug|Any CPU
		{9B4EA736-5BA4-73C1-9FD6-8FBDFE84BA5F}.Debug|Any CPU.Build.0 = Debug|Any CPU
		{9B4EA736-5BA4-73C1-9FD6-8FBDFE84BA5F}.Release|Any CPU.ActiveCfg = Release|Any CPU
		{9B4EA736-5BA4-73C1-9FD6-8FBDFE84BA5F}.Release|Any CPU.Build.0 = Release|Any CPU
	EndGlobalSection
	GlobalSection(SolutionProperties) = preSolution
		HideSolutionNode = FALSE
	EndGlobalSection
EndGlobal
